// !$*UTF8*$!
{
	archiveVersion = 1;
	classes = {
	};
	objectVersion = 56;
	objects = {

/* Begin PBXBuildFile section */
		773DD0AF2BE3BC98003F3CFD /* PopupDemoApp.swift in Sources */ = {isa = PBXBuildFile; fileRef = 773DD0AE2BE3BC98003F3CFD /* PopupDemoApp.swift */; };
		773DD0B12BE3BC98003F3CFD /* ContentView.swift in Sources */ = {isa = PBXBuildFile; fileRef = 773DD0B02BE3BC98003F3CFD /* ContentView.swift */; };
		773DD0B32BE3BC9B003F3CFD /* Assets.xcassets in Resources */ = {isa = PBXBuildFile; fileRef = 773DD0B22BE3BC9B003F3CFD /* Assets.xcassets */; };
		773DD0B62BE3BC9B003F3CFD /* Preview Assets.xcassets in Resources */ = {isa = PBXBuildFile; fileRef = 773DD0B52BE3BC9B003F3CFD /* Preview Assets.xcassets */; };
		773DD0BE2BE3BCCF003F3CFD /* MijickPopupView in Frameworks */ = {isa = PBXBuildFile; productRef = 773DD0BD2BE3BCCF003F3CFD /* MijickPopupView */; };
		773DD0CE2BE3BDA9003F3CFD /* Inter-Bold.ttf in Resources */ = {isa = PBXBuildFile; fileRef = 773DD0C02BE3BDA9003F3CFD /* Inter-Bold.ttf */; };
		773DD0CF2BE3BDA9003F3CFD /* Inter-Regular.ttf in Resources */ = {isa = PBXBuildFile; fileRef = 773DD0C12BE3BDA9003F3CFD /* Inter-Regular.ttf */; };
		773DD0D02BE3BDA9003F3CFD /* Inter-SemiBold.ttf in Resources */ = {isa = PBXBuildFile; fileRef = 773DD0C22BE3BDA9003F3CFD /* Inter-SemiBold.ttf */; };
		773DD0D12BE3BDA9003F3CFD /* OpenSans-Bold.ttf in Resources */ = {isa = PBXBuildFile; fileRef = 773DD0C42BE3BDA9003F3CFD /* OpenSans-Bold.ttf */; };
		773DD0D22BE3BDA9003F3CFD /* OpenSans-Regular.ttf in Resources */ = {isa = PBXBuildFile; fileRef = 773DD0C52BE3BDA9003F3CFD /* OpenSans-Regular.ttf */; };
		773DD0D32BE3BDA9003F3CFD /* Satoshi-Black.otf in Resources */ = {isa = PBXBuildFile; fileRef = 773DD0C72BE3BDA9003F3CFD /* Satoshi-Black.otf */; };
		773DD0D42BE3BDA9003F3CFD /* Satoshi-Bold.otf in Resources */ = {isa = PBXBuildFile; fileRef = 773DD0C82BE3BDA9003F3CFD /* Satoshi-Bold.otf */; };
		773DD0D52BE3BDA9003F3CFD /* Satoshi-Regular.otf in Resources */ = {isa = PBXBuildFile; fileRef = 773DD0C92BE3BDA9003F3CFD /* Satoshi-Regular.otf */; };
		773DD0D62BE3BDA9003F3CFD /* SpaceGrotesk-Bold.ttf in Resources */ = {isa = PBXBuildFile; fileRef = 773DD0CB2BE3BDA9003F3CFD /* SpaceGrotesk-Bold.ttf */; };
		773DD0DD2BE3BF6B003F3CFD /* Data.Bottom.swift in Sources */ = {isa = PBXBuildFile; fileRef = 773DD0D82BE3BF6B003F3CFD /* Data.Bottom.swift */; };
		773DD0DE2BE3BF6B003F3CFD /* Data.Centre.swift in Sources */ = {isa = PBXBuildFile; fileRef = 773DD0D92BE3BF6B003F3CFD /* Data.Centre.swift */; };
		773DD0DF2BE3BF6B003F3CFD /* Data.swift in Sources */ = {isa = PBXBuildFile; fileRef = 773DD0DA2BE3BF6B003F3CFD /* Data.swift */; };
		773DD0E02BE3BF6B003F3CFD /* Data.Top.swift in Sources */ = {isa = PBXBuildFile; fileRef = 773DD0DB2BE3BF6B003F3CFD /* Data.Top.swift */; };
		773DD0E62BE3BFEA003F3CFD /* Font+Ext.swift in Sources */ = {isa = PBXBuildFile; fileRef = 773DD0E52BE3BFEA003F3CFD /* Font+Ext.swift */; };
		773DD0E82BE3C025003F3CFD /* Color+Ext.swift in Sources */ = {isa = PBXBuildFile; fileRef = 773DD0E72BE3C025003F3CFD /* Color+Ext.swift */; };
		773DD0EA2BE3C1AF003F3CFD /* UIScreen+Ext.swift in Sources */ = {isa = PBXBuildFile; fileRef = 773DD0E92BE3C1AF003F3CFD /* UIScreen+Ext.swift */; };
		773DD0EC2BE3C1DD003F3CFD /* Spacer+Ext.swift in Sources */ = {isa = PBXBuildFile; fileRef = 773DD0EB2BE3C1DD003F3CFD /* Spacer+Ext.swift */; };
		773DD0EE2BE3C1F1003F3CFD /* String+Ext.swift in Sources */ = {isa = PBXBuildFile; fileRef = 773DD0ED2BE3C1F0003F3CFD /* String+Ext.swift */; };
		773DD0F02BE3C201003F3CFD /* View+Ext.swift in Sources */ = {isa = PBXBuildFile; fileRef = 773DD0EF2BE3C201003F3CFD /* View+Ext.swift */; };
		773DD0F72BE3C281003F3CFD /* TopPopup_Alert.swift in Sources */ = {isa = PBXBuildFile; fileRef = 773DD0F62BE3C281003F3CFD /* TopPopup_Alert.swift */; };
		773DD0F92BE3C2B0003F3CFD /* TopPopup_Notification.swift in Sources */ = {isa = PBXBuildFile; fileRef = 773DD0F82BE3C2B0003F3CFD /* TopPopup_Notification.swift */; };
		773DD0FD2BE3C32D003F3CFD /* CentrePopup_UnlockNewFeatures.swift in Sources */ = {isa = PBXBuildFile; fileRef = 773DD0FA2BE3C32D003F3CFD /* CentrePopup_UnlockNewFeatures.swift */; };
		773DD0FE2BE3C32D003F3CFD /* CentrePopup_ProvideYourName.swift in Sources */ = {isa = PBXBuildFile; fileRef = 773DD0FB2BE3C32D003F3CFD /* CentrePopup_ProvideYourName.swift */; };
		773DD0FF2BE3C32D003F3CFD /* CentrePopup_MoreFeatures.swift in Sources */ = {isa = PBXBuildFile; fileRef = 773DD0FC2BE3C32D003F3CFD /* CentrePopup_MoreFeatures.swift */; };
		773DD1082BE3C33B003F3CFD /* BottomPopup_NoSafeArea.swift in Sources */ = {isa = PBXBuildFile; fileRef = 773DD1002BE3C33A003F3CFD /* BottomPopup_NoSafeArea.swift */; };
		773DD1092BE3C33B003F3CFD /* BottomPopup_Fullscreen.swift in Sources */ = {isa = PBXBuildFile; fileRef = 773DD1012BE3C33A003F3CFD /* BottomPopup_Fullscreen.swift */; };
		773DD10A2BE3C33B003F3CFD /* BottomPopup_FileAdded.swift in Sources */ = {isa = PBXBuildFile; fileRef = 773DD1022BE3C33A003F3CFD /* BottomPopup_FileAdded.swift */; };
		773DD10B2BE3C33B003F3CFD /* BottomPopup_NoCornerRadius.swift in Sources */ = {isa = PBXBuildFile; fileRef = 773DD1032BE3C33A003F3CFD /* BottomPopup_NoCornerRadius.swift */; };
		773DD10C2BE3C33B003F3CFD /* BottomPopup_Default.swift in Sources */ = {isa = PBXBuildFile; fileRef = 773DD1042BE3C33A003F3CFD /* BottomPopup_Default.swift */; };
		773DD10D2BE3C33B003F3CFD /* BottomPopup_PrivacyInfo.swift in Sources */ = {isa = PBXBuildFile; fileRef = 773DD1052BE3C33A003F3CFD /* BottomPopup_PrivacyInfo.swift */; };
		773DD10E2BE3C33B003F3CFD /* BottomPopup_Document.swift in Sources */ = {isa = PBXBuildFile; fileRef = 773DD1062BE3C33B003F3CFD /* BottomPopup_Document.swift */; };
		773DD10F2BE3C33B003F3CFD /* BottomPopup_EditExpense.swift in Sources */ = {isa = PBXBuildFile; fileRef = 773DD1072BE3C33B003F3CFD /* BottomPopup_EditExpense.swift */; };
/* End PBXBuildFile section */

/* Begin PBXFileReference section */
		773DD0AB2BE3BC98003F3CFD /* PopupDemo.app */ = {isa = PBXFileReference; explicitFileType = wrapper.application; includeInIndex = 0; path = PopupDemo.app; sourceTree = BUILT_PRODUCTS_DIR; };
		773DD0AE2BE3BC98003F3CFD /* PopupDemoApp.swift */ = {isa = PBXFileReference; lastKnownFileType = sourcecode.swift; path = PopupDemoApp.swift; sourceTree = "<group>"; };
		773DD0B02BE3BC98003F3CFD /* ContentView.swift */ = {isa = PBXFileReference; lastKnownFileType = sourcecode.swift; path = ContentView.swift; sourceTree = "<group>"; };
		773DD0B22BE3BC9B003F3CFD /* Assets.xcassets */ = {isa = PBXFileReference; lastKnownFileType = folder.assetcatalog; path = Assets.xcassets; sourceTree = "<group>"; };
		773DD0B52BE3BC9B003F3CFD /* Preview Assets.xcassets */ = {isa = PBXFileReference; lastKnownFileType = folder.assetcatalog; path = "Preview Assets.xcassets"; sourceTree = "<group>"; };
		773DD0C02BE3BDA9003F3CFD /* Inter-Bold.ttf */ = {isa = PBXFileReference; lastKnownFileType = file; path = "Inter-Bold.ttf"; sourceTree = "<group>"; };
		773DD0C12BE3BDA9003F3CFD /* Inter-Regular.ttf */ = {isa = PBXFileReference; lastKnownFileType = file; path = "Inter-Regular.ttf"; sourceTree = "<group>"; };
		773DD0C22BE3BDA9003F3CFD /* Inter-SemiBold.ttf */ = {isa = PBXFileReference; lastKnownFileType = file; path = "Inter-SemiBold.ttf"; sourceTree = "<group>"; };
		773DD0C42BE3BDA9003F3CFD /* OpenSans-Bold.ttf */ = {isa = PBXFileReference; lastKnownFileType = file; path = "OpenSans-Bold.ttf"; sourceTree = "<group>"; };
		773DD0C52BE3BDA9003F3CFD /* OpenSans-Regular.ttf */ = {isa = PBXFileReference; lastKnownFileType = file; path = "OpenSans-Regular.ttf"; sourceTree = "<group>"; };
		773DD0C72BE3BDA9003F3CFD /* Satoshi-Black.otf */ = {isa = PBXFileReference; lastKnownFileType = file; path = "Satoshi-Black.otf"; sourceTree = "<group>"; };
		773DD0C82BE3BDA9003F3CFD /* Satoshi-Bold.otf */ = {isa = PBXFileReference; lastKnownFileType = file; path = "Satoshi-Bold.otf"; sourceTree = "<group>"; };
		773DD0C92BE3BDA9003F3CFD /* Satoshi-Regular.otf */ = {isa = PBXFileReference; lastKnownFileType = file; path = "Satoshi-Regular.otf"; sourceTree = "<group>"; };
		773DD0CB2BE3BDA9003F3CFD /* SpaceGrotesk-Bold.ttf */ = {isa = PBXFileReference; lastKnownFileType = file; path = "SpaceGrotesk-Bold.ttf"; sourceTree = "<group>"; };
		773DD0D72BE3BDCF003F3CFD /* Info.plist */ = {isa = PBXFileReference; lastKnownFileType = text.plist.xml; path = Info.plist; sourceTree = "<group>"; };
		773DD0D82BE3BF6B003F3CFD /* Data.Bottom.swift */ = {isa = PBXFileReference; fileEncoding = 4; lastKnownFileType = sourcecode.swift; path = Data.Bottom.swift; sourceTree = "<group>"; };
		773DD0D92BE3BF6B003F3CFD /* Data.Centre.swift */ = {isa = PBXFileReference; fileEncoding = 4; lastKnownFileType = sourcecode.swift; path = Data.Centre.swift; sourceTree = "<group>"; };
		773DD0DA2BE3BF6B003F3CFD /* Data.swift */ = {isa = PBXFileReference; fileEncoding = 4; lastKnownFileType = sourcecode.swift; path = Data.swift; sourceTree = "<group>"; };
		773DD0DB2BE3BF6B003F3CFD /* Data.Top.swift */ = {isa = PBXFileReference; fileEncoding = 4; lastKnownFileType = sourcecode.swift; path = Data.Top.swift; sourceTree = "<group>"; };
		773DD0E52BE3BFEA003F3CFD /* Font+Ext.swift */ = {isa = PBXFileReference; lastKnownFileType = sourcecode.swift; path = "Font+Ext.swift"; sourceTree = "<group>"; };
		773DD0E72BE3C025003F3CFD /* Color+Ext.swift */ = {isa = PBXFileReference; lastKnownFileType = sourcecode.swift; path = "Color+Ext.swift"; sourceTree = "<group>"; };
		773DD0E92BE3C1AF003F3CFD /* UIScreen+Ext.swift */ = {isa = PBXFileReference; lastKnownFileType = sourcecode.swift; path = "UIScreen+Ext.swift"; sourceTree = "<group>"; };
		773DD0EB2BE3C1DD003F3CFD /* Spacer+Ext.swift */ = {isa = PBXFileReference; lastKnownFileType = sourcecode.swift; path = "Spacer+Ext.swift"; sourceTree = "<group>"; };
		773DD0ED2BE3C1F0003F3CFD /* String+Ext.swift */ = {isa = PBXFileReference; lastKnownFileType = sourcecode.swift; path = "String+Ext.swift"; sourceTree = "<group>"; };
		773DD0EF2BE3C201003F3CFD /* View+Ext.swift */ = {isa = PBXFileReference; lastKnownFileType = sourcecode.swift; path = "View+Ext.swift"; sourceTree = "<group>"; };
		773DD0F62BE3C281003F3CFD /* TopPopup_Alert.swift */ = {isa = PBXFileReference; lastKnownFileType = sourcecode.swift; path = TopPopup_Alert.swift; sourceTree = "<group>"; };
		773DD0F82BE3C2B0003F3CFD /* TopPopup_Notification.swift */ = {isa = PBXFileReference; lastKnownFileType = sourcecode.swift; path = TopPopup_Notification.swift; sourceTree = "<group>"; };
		773DD0FA2BE3C32D003F3CFD /* CentrePopup_UnlockNewFeatures.swift */ = {isa = PBXFileReference; fileEncoding = 4; lastKnownFileType = sourcecode.swift; path = CentrePopup_UnlockNewFeatures.swift; sourceTree = "<group>"; };
		773DD0FB2BE3C32D003F3CFD /* CentrePopup_ProvideYourName.swift */ = {isa = PBXFileReference; fileEncoding = 4; lastKnownFileType = sourcecode.swift; path = CentrePopup_ProvideYourName.swift; sourceTree = "<group>"; };
		773DD0FC2BE3C32D003F3CFD /* CentrePopup_MoreFeatures.swift */ = {isa = PBXFileReference; fileEncoding = 4; lastKnownFileType = sourcecode.swift; path = CentrePopup_MoreFeatures.swift; sourceTree = "<group>"; };
		773DD1002BE3C33A003F3CFD /* BottomPopup_NoSafeArea.swift */ = {isa = PBXFileReference; fileEncoding = 4; lastKnownFileType = sourcecode.swift; path = BottomPopup_NoSafeArea.swift; sourceTree = "<group>"; };
		773DD1012BE3C33A003F3CFD /* BottomPopup_Fullscreen.swift */ = {isa = PBXFileReference; fileEncoding = 4; lastKnownFileType = sourcecode.swift; path = BottomPopup_Fullscreen.swift; sourceTree = "<group>"; };
		773DD1022BE3C33A003F3CFD /* BottomPopup_FileAdded.swift */ = {isa = PBXFileReference; fileEncoding = 4; lastKnownFileType = sourcecode.swift; path = BottomPopup_FileAdded.swift; sourceTree = "<group>"; };
		773DD1032BE3C33A003F3CFD /* BottomPopup_NoCornerRadius.swift */ = {isa = PBXFileReference; fileEncoding = 4; lastKnownFileType = sourcecode.swift; path = BottomPopup_NoCornerRadius.swift; sourceTree = "<group>"; };
		773DD1042BE3C33A003F3CFD /* BottomPopup_Default.swift */ = {isa = PBXFileReference; fileEncoding = 4; lastKnownFileType = sourcecode.swift; path = BottomPopup_Default.swift; sourceTree = "<group>"; };
		773DD1052BE3C33A003F3CFD /* BottomPopup_PrivacyInfo.swift */ = {isa = PBXFileReference; fileEncoding = 4; lastKnownFileType = sourcecode.swift; path = BottomPopup_PrivacyInfo.swift; sourceTree = "<group>"; };
		773DD1062BE3C33B003F3CFD /* BottomPopup_Document.swift */ = {isa = PBXFileReference; fileEncoding = 4; lastKnownFileType = sourcecode.swift; path = BottomPopup_Document.swift; sourceTree = "<group>"; };
		773DD1072BE3C33B003F3CFD /* BottomPopup_EditExpense.swift */ = {isa = PBXFileReference; fileEncoding = 4; lastKnownFileType = sourcecode.swift; path = BottomPopup_EditExpense.swift; sourceTree = "<group>"; };
/* End PBXFileReference section */

/* Begin PBXFrameworksBuildPhase section */
		773DD0A82BE3BC98003F3CFD /* Frameworks */ = {
			isa = PBXFrameworksBuildPhase;
			buildActionMask = 2147483647;
			files = (
				773DD0BE2BE3BCCF003F3CFD /* MijickPopupView in Frameworks */,
			);
			runOnlyForDeploymentPostprocessing = 0;
		};
/* End PBXFrameworksBuildPhase section */

/* Begin PBXGroup section */
		773DD0A22BE3BC98003F3CFD = {
			isa = PBXGroup;
			children = (
				773DD0AD2BE3BC98003F3CFD /* PopupDemo */,
				773DD0AC2BE3BC98003F3CFD /* Products */,
			);
			sourceTree = "<group>";
		};
		773DD0AC2BE3BC98003F3CFD /* Products */ = {
			isa = PBXGroup;
			children = (
				773DD0AB2BE3BC98003F3CFD /* PopupDemo.app */,
			);
			name = Products;
			sourceTree = "<group>";
		};
		773DD0AD2BE3BC98003F3CFD /* PopupDemo */ = {
			isa = PBXGroup;
			children = (
				773DD0E12BE3BF6E003F3CFD /* App */,
				773DD0E32BE3BF85003F3CFD /* Utils */,
				773DD0DC2BE3BF6B003F3CFD /* Mock Data */,
				773DD0E22BE3BF77003F3CFD /* Views */,
				773DD0BF2BE3BD92003F3CFD /* Supporting Files */,
				773DD0B42BE3BC9B003F3CFD /* Preview Content */,
			);
			path = PopupDemo;
			sourceTree = "<group>";
		};
		773DD0B42BE3BC9B003F3CFD /* Preview Content */ = {
			isa = PBXGroup;
			children = (
				773DD0B52BE3BC9B003F3CFD /* Preview Assets.xcassets */,
			);
			path = "Preview Content";
			sourceTree = "<group>";
		};
		773DD0BF2BE3BD92003F3CFD /* Supporting Files */ = {
			isa = PBXGroup;
			children = (
				773DD0B22BE3BC9B003F3CFD /* Assets.xcassets */,
				773DD0CD2BE3BDA9003F3CFD /* Fonts */,
				773DD0D72BE3BDCF003F3CFD /* Info.plist */,
			);
			path = "Supporting Files";
			sourceTree = "<group>";
		};
		773DD0C32BE3BDA9003F3CFD /* Inter */ = {
			isa = PBXGroup;
			children = (
				773DD0C02BE3BDA9003F3CFD /* Inter-Bold.ttf */,
				773DD0C12BE3BDA9003F3CFD /* Inter-Regular.ttf */,
				773DD0C22BE3BDA9003F3CFD /* Inter-SemiBold.ttf */,
			);
			path = Inter;
			sourceTree = "<group>";
		};
		773DD0C62BE3BDA9003F3CFD /* Open Sans */ = {
			isa = PBXGroup;
			children = (
				773DD0C42BE3BDA9003F3CFD /* OpenSans-Bold.ttf */,
				773DD0C52BE3BDA9003F3CFD /* OpenSans-Regular.ttf */,
			);
			path = "Open Sans";
			sourceTree = "<group>";
		};
		773DD0CA2BE3BDA9003F3CFD /* Satoshi */ = {
			isa = PBXGroup;
			children = (
				773DD0C72BE3BDA9003F3CFD /* Satoshi-Black.otf */,
				773DD0C82BE3BDA9003F3CFD /* Satoshi-Bold.otf */,
				773DD0C92BE3BDA9003F3CFD /* Satoshi-Regular.otf */,
			);
			path = Satoshi;
			sourceTree = "<group>";
		};
		773DD0CC2BE3BDA9003F3CFD /* Space Grotesk */ = {
			isa = PBXGroup;
			children = (
				773DD0CB2BE3BDA9003F3CFD /* SpaceGrotesk-Bold.ttf */,
			);
			path = "Space Grotesk";
			sourceTree = "<group>";
		};
		773DD0CD2BE3BDA9003F3CFD /* Fonts */ = {
			isa = PBXGroup;
			children = (
				773DD0C32BE3BDA9003F3CFD /* Inter */,
				773DD0C62BE3BDA9003F3CFD /* Open Sans */,
				773DD0CA2BE3BDA9003F3CFD /* Satoshi */,
				773DD0CC2BE3BDA9003F3CFD /* Space Grotesk */,
			);
			path = Fonts;
			sourceTree = "<group>";
		};
		773DD0DC2BE3BF6B003F3CFD /* Mock Data */ = {
			isa = PBXGroup;
			children = (
				773DD0D82BE3BF6B003F3CFD /* Data.Bottom.swift */,
				773DD0D92BE3BF6B003F3CFD /* Data.Centre.swift */,
				773DD0DA2BE3BF6B003F3CFD /* Data.swift */,
				773DD0DB2BE3BF6B003F3CFD /* Data.Top.swift */,
			);
			path = "Mock Data";
			sourceTree = "<group>";
		};
		773DD0E12BE3BF6E003F3CFD /* App */ = {
			isa = PBXGroup;
			children = (
				773DD0AE2BE3BC98003F3CFD /* PopupDemoApp.swift */,
			);
			path = App;
			sourceTree = "<group>";
		};
		773DD0E22BE3BF77003F3CFD /* Views */ = {
			isa = PBXGroup;
			children = (
				773DD0B02BE3BC98003F3CFD /* ContentView.swift */,
			);
			path = Views;
			sourceTree = "<group>";
		};
		773DD0E32BE3BF85003F3CFD /* Utils */ = {
			isa = PBXGroup;
			children = (
				773DD0F12BE3C221003F3CFD /* Components */,
				773DD0E42BE3BF8C003F3CFD /* Extensions */,
			);
			path = Utils;
			sourceTree = "<group>";
		};
		773DD0E42BE3BF8C003F3CFD /* Extensions */ = {
			isa = PBXGroup;
			children = (
				773DD0E52BE3BFEA003F3CFD /* Font+Ext.swift */,
				773DD0E72BE3C025003F3CFD /* Color+Ext.swift */,
				773DD0E92BE3C1AF003F3CFD /* UIScreen+Ext.swift */,
				773DD0EB2BE3C1DD003F3CFD /* Spacer+Ext.swift */,
				773DD0ED2BE3C1F0003F3CFD /* String+Ext.swift */,
				773DD0EF2BE3C201003F3CFD /* View+Ext.swift */,
			);
			path = Extensions;
			sourceTree = "<group>";
		};
		773DD0F12BE3C221003F3CFD /* Components */ = {
			isa = PBXGroup;
			children = (
				773DD0F22BE3C22C003F3CFD /* Popups */,
			);
			path = Components;
			sourceTree = "<group>";
		};
		773DD0F22BE3C22C003F3CFD /* Popups */ = {
			isa = PBXGroup;
			children = (
				773DD0F32BE3C236003F3CFD /* Top */,
				773DD0F42BE3C23D003F3CFD /* Centre */,
				773DD0F52BE3C245003F3CFD /* Bottom */,
			);
			path = Popups;
			sourceTree = "<group>";
		};
		773DD0F32BE3C236003F3CFD /* Top */ = {
			isa = PBXGroup;
			children = (
				773DD0F62BE3C281003F3CFD /* TopPopup_Alert.swift */,
				773DD0F82BE3C2B0003F3CFD /* TopPopup_Notification.swift */,
			);
			path = Top;
			sourceTree = "<group>";
		};
		773DD0F42BE3C23D003F3CFD /* Centre */ = {
			isa = PBXGroup;
			children = (
				773DD0FC2BE3C32D003F3CFD /* CentrePopup_MoreFeatures.swift */,
				773DD0FB2BE3C32D003F3CFD /* CentrePopup_ProvideYourName.swift */,
				773DD0FA2BE3C32D003F3CFD /* CentrePopup_UnlockNewFeatures.swift */,
			);
			path = Centre;
			sourceTree = "<group>";
		};
		773DD0F52BE3C245003F3CFD /* Bottom */ = {
			isa = PBXGroup;
			children = (
				773DD1042BE3C33A003F3CFD /* BottomPopup_Default.swift */,
				773DD1062BE3C33B003F3CFD /* BottomPopup_Document.swift */,
				773DD1072BE3C33B003F3CFD /* BottomPopup_EditExpense.swift */,
				773DD1022BE3C33A003F3CFD /* BottomPopup_FileAdded.swift */,
				773DD1012BE3C33A003F3CFD /* BottomPopup_Fullscreen.swift */,
				773DD1032BE3C33A003F3CFD /* BottomPopup_NoCornerRadius.swift */,
				773DD1002BE3C33A003F3CFD /* BottomPopup_NoSafeArea.swift */,
				773DD1052BE3C33A003F3CFD /* BottomPopup_PrivacyInfo.swift */,
			);
			path = Bottom;
			sourceTree = "<group>";
		};
/* End PBXGroup section */

/* Begin PBXNativeTarget section */
		773DD0AA2BE3BC98003F3CFD /* PopupDemo */ = {
			isa = PBXNativeTarget;
			buildConfigurationList = 773DD0B92BE3BC9B003F3CFD /* Build configuration list for PBXNativeTarget "PopupDemo" */;
			buildPhases = (
				773DD0A72BE3BC98003F3CFD /* Sources */,
				773DD0A82BE3BC98003F3CFD /* Frameworks */,
				773DD0A92BE3BC98003F3CFD /* Resources */,
			);
			buildRules = (
			);
			dependencies = (
			);
			name = PopupDemo;
			packageProductDependencies = (
				773DD0BD2BE3BCCF003F3CFD /* MijickPopupView */,
			);
			productName = PopupDemo;
			productReference = 773DD0AB2BE3BC98003F3CFD /* PopupDemo.app */;
			productType = "com.apple.product-type.application";
		};
/* End PBXNativeTarget section */

/* Begin PBXProject section */
		773DD0A32BE3BC98003F3CFD /* Project object */ = {
			isa = PBXProject;
			attributes = {
				BuildIndependentTargetsInParallel = 1;
				LastSwiftUpdateCheck = 1530;
				LastUpgradeCheck = 1530;
				TargetAttributes = {
					773DD0AA2BE3BC98003F3CFD = {
						CreatedOnToolsVersion = 15.3;
					};
				};
			};
			buildConfigurationList = 773DD0A62BE3BC98003F3CFD /* Build configuration list for PBXProject "PopupDemo" */;
			compatibilityVersion = "Xcode 14.0";
			developmentRegion = en;
			hasScannedForEncodings = 0;
			knownRegions = (
				en,
				Base,
			);
			mainGroup = 773DD0A22BE3BC98003F3CFD;
			packageReferences = (
				773DD0BC2BE3BCCF003F3CFD /* XCRemoteSwiftPackageReference "PopupView" */,
			);
			productRefGroup = 773DD0AC2BE3BC98003F3CFD /* Products */;
			projectDirPath = "";
			projectRoot = "";
			targets = (
				773DD0AA2BE3BC98003F3CFD /* PopupDemo */,
			);
		};
/* End PBXProject section */

/* Begin PBXResourcesBuildPhase section */
		773DD0A92BE3BC98003F3CFD /* Resources */ = {
			isa = PBXResourcesBuildPhase;
			buildActionMask = 2147483647;
			files = (
				773DD0D52BE3BDA9003F3CFD /* Satoshi-Regular.otf in Resources */,
				773DD0D42BE3BDA9003F3CFD /* Satoshi-Bold.otf in Resources */,
				773DD0CE2BE3BDA9003F3CFD /* Inter-Bold.ttf in Resources */,
				773DD0B62BE3BC9B003F3CFD /* Preview Assets.xcassets in Resources */,
				773DD0D12BE3BDA9003F3CFD /* OpenSans-Bold.ttf in Resources */,
				773DD0D62BE3BDA9003F3CFD /* SpaceGrotesk-Bold.ttf in Resources */,
				773DD0D22BE3BDA9003F3CFD /* OpenSans-Regular.ttf in Resources */,
				773DD0CF2BE3BDA9003F3CFD /* Inter-Regular.ttf in Resources */,
				773DD0D32BE3BDA9003F3CFD /* Satoshi-Black.otf in Resources */,
				773DD0D02BE3BDA9003F3CFD /* Inter-SemiBold.ttf in Resources */,
				773DD0B32BE3BC9B003F3CFD /* Assets.xcassets in Resources */,
			);
			runOnlyForDeploymentPostprocessing = 0;
		};
/* End PBXResourcesBuildPhase section */

/* Begin PBXSourcesBuildPhase section */
		773DD0A72BE3BC98003F3CFD /* Sources */ = {
			isa = PBXSourcesBuildPhase;
			buildActionMask = 2147483647;
			files = (
				773DD1082BE3C33B003F3CFD /* BottomPopup_NoSafeArea.swift in Sources */,
				773DD10F2BE3C33B003F3CFD /* BottomPopup_EditExpense.swift in Sources */,
				773DD0DD2BE3BF6B003F3CFD /* Data.Bottom.swift in Sources */,
				773DD0EC2BE3C1DD003F3CFD /* Spacer+Ext.swift in Sources */,
				773DD0EA2BE3C1AF003F3CFD /* UIScreen+Ext.swift in Sources */,
				773DD10E2BE3C33B003F3CFD /* BottomPopup_Document.swift in Sources */,
				773DD0E62BE3BFEA003F3CFD /* Font+Ext.swift in Sources */,
				773DD0DF2BE3BF6B003F3CFD /* Data.swift in Sources */,
				773DD0E02BE3BF6B003F3CFD /* Data.Top.swift in Sources */,
				773DD0FD2BE3C32D003F3CFD /* CentrePopup_UnlockNewFeatures.swift in Sources */,
				773DD0DE2BE3BF6B003F3CFD /* Data.Centre.swift in Sources */,
				773DD10C2BE3C33B003F3CFD /* BottomPopup_Default.swift in Sources */,
				773DD1092BE3C33B003F3CFD /* BottomPopup_Fullscreen.swift in Sources */,
				773DD10D2BE3C33B003F3CFD /* BottomPopup_PrivacyInfo.swift in Sources */,
				773DD0E82BE3C025003F3CFD /* Color+Ext.swift in Sources */,
				773DD10B2BE3C33B003F3CFD /* BottomPopup_NoCornerRadius.swift in Sources */,
				773DD0F02BE3C201003F3CFD /* View+Ext.swift in Sources */,
				773DD0F92BE3C2B0003F3CFD /* TopPopup_Notification.swift in Sources */,
				773DD0FE2BE3C32D003F3CFD /* CentrePopup_ProvideYourName.swift in Sources */,
				773DD0FF2BE3C32D003F3CFD /* CentrePopup_MoreFeatures.swift in Sources */,
				773DD0F72BE3C281003F3CFD /* TopPopup_Alert.swift in Sources */,
				773DD10A2BE3C33B003F3CFD /* BottomPopup_FileAdded.swift in Sources */,
				773DD0B12BE3BC98003F3CFD /* ContentView.swift in Sources */,
				773DD0AF2BE3BC98003F3CFD /* PopupDemoApp.swift in Sources */,
				773DD0EE2BE3C1F1003F3CFD /* String+Ext.swift in Sources */,
			);
			runOnlyForDeploymentPostprocessing = 0;
		};
/* End PBXSourcesBuildPhase section */

/* Begin XCBuildConfiguration section */
		773DD0B72BE3BC9B003F3CFD /* Debug */ = {
			isa = XCBuildConfiguration;
			buildSettings = {
				ALWAYS_SEARCH_USER_PATHS = NO;
				ASSETCATALOG_COMPILER_GENERATE_SWIFT_ASSET_SYMBOL_EXTENSIONS = YES;
				CLANG_ANALYZER_NONNULL = YES;
				CLANG_ANALYZER_NUMBER_OBJECT_CONVERSION = YES_AGGRESSIVE;
				CLANG_CXX_LANGUAGE_STANDARD = "gnu++20";
				CLANG_ENABLE_MODULES = YES;
				CLANG_ENABLE_OBJC_ARC = YES;
				CLANG_ENABLE_OBJC_WEAK = YES;
				CLANG_WARN_BLOCK_CAPTURE_AUTORELEASING = YES;
				CLANG_WARN_BOOL_CONVERSION = YES;
				CLANG_WARN_COMMA = YES;
				CLANG_WARN_CONSTANT_CONVERSION = YES;
				CLANG_WARN_DEPRECATED_OBJC_IMPLEMENTATIONS = YES;
				CLANG_WARN_DIRECT_OBJC_ISA_USAGE = YES_ERROR;
				CLANG_WARN_DOCUMENTATION_COMMENTS = YES;
				CLANG_WARN_EMPTY_BODY = YES;
				CLANG_WARN_ENUM_CONVERSION = YES;
				CLANG_WARN_INFINITE_RECURSION = YES;
				CLANG_WARN_INT_CONVERSION = YES;
				CLANG_WARN_NON_LITERAL_NULL_CONVERSION = YES;
				CLANG_WARN_OBJC_IMPLICIT_RETAIN_SELF = YES;
				CLANG_WARN_OBJC_LITERAL_CONVERSION = YES;
				CLANG_WARN_OBJC_ROOT_CLASS = YES_ERROR;
				CLANG_WARN_QUOTED_INCLUDE_IN_FRAMEWORK_HEADER = YES;
				CLANG_WARN_RANGE_LOOP_ANALYSIS = YES;
				CLANG_WARN_STRICT_PROTOTYPES = YES;
				CLANG_WARN_SUSPICIOUS_MOVE = YES;
				CLANG_WARN_UNGUARDED_AVAILABILITY = YES_AGGRESSIVE;
				CLANG_WARN_UNREACHABLE_CODE = YES;
				CLANG_WARN__DUPLICATE_METHOD_MATCH = YES;
				COPY_PHASE_STRIP = NO;
				DEBUG_INFORMATION_FORMAT = dwarf;
				ENABLE_STRICT_OBJC_MSGSEND = YES;
				ENABLE_TESTABILITY = YES;
				ENABLE_USER_SCRIPT_SANDBOXING = YES;
				GCC_C_LANGUAGE_STANDARD = gnu17;
				GCC_DYNAMIC_NO_PIC = NO;
				GCC_NO_COMMON_BLOCKS = YES;
				GCC_OPTIMIZATION_LEVEL = 0;
				GCC_PREPROCESSOR_DEFINITIONS = (
					"DEBUG=1",
					"$(inherited)",
				);
				GCC_WARN_64_TO_32_BIT_CONVERSION = YES;
				GCC_WARN_ABOUT_RETURN_TYPE = YES_ERROR;
				GCC_WARN_UNDECLARED_SELECTOR = YES;
				GCC_WARN_UNINITIALIZED_AUTOS = YES_AGGRESSIVE;
				GCC_WARN_UNUSED_FUNCTION = YES;
				GCC_WARN_UNUSED_VARIABLE = YES;
				IPHONEOS_DEPLOYMENT_TARGET = 17.4;
				LOCALIZATION_PREFERS_STRING_CATALOGS = YES;
				MTL_ENABLE_DEBUG_INFO = INCLUDE_SOURCE;
				MTL_FAST_MATH = YES;
				ONLY_ACTIVE_ARCH = YES;
				SDKROOT = iphoneos;
				SWIFT_ACTIVE_COMPILATION_CONDITIONS = "DEBUG $(inherited)";
				SWIFT_OPTIMIZATION_LEVEL = "-Onone";
			};
			name = Debug;
		};
		773DD0B82BE3BC9B003F3CFD /* Release */ = {
			isa = XCBuildConfiguration;
			buildSettings = {
				ALWAYS_SEARCH_USER_PATHS = NO;
				ASSETCATALOG_COMPILER_GENERATE_SWIFT_ASSET_SYMBOL_EXTENSIONS = YES;
				CLANG_ANALYZER_NONNULL = YES;
				CLANG_ANALYZER_NUMBER_OBJECT_CONVERSION = YES_AGGRESSIVE;
				CLANG_CXX_LANGUAGE_STANDARD = "gnu++20";
				CLANG_ENABLE_MODULES = YES;
				CLANG_ENABLE_OBJC_ARC = YES;
				CLANG_ENABLE_OBJC_WEAK = YES;
				CLANG_WARN_BLOCK_CAPTURE_AUTORELEASING = YES;
				CLANG_WARN_BOOL_CONVERSION = YES;
				CLANG_WARN_COMMA = YES;
				CLANG_WARN_CONSTANT_CONVERSION = YES;
				CLANG_WARN_DEPRECATED_OBJC_IMPLEMENTATIONS = YES;
				CLANG_WARN_DIRECT_OBJC_ISA_USAGE = YES_ERROR;
				CLANG_WARN_DOCUMENTATION_COMMENTS = YES;
				CLANG_WARN_EMPTY_BODY = YES;
				CLANG_WARN_ENUM_CONVERSION = YES;
				CLANG_WARN_INFINITE_RECURSION = YES;
				CLANG_WARN_INT_CONVERSION = YES;
				CLANG_WARN_NON_LITERAL_NULL_CONVERSION = YES;
				CLANG_WARN_OBJC_IMPLICIT_RETAIN_SELF = YES;
				CLANG_WARN_OBJC_LITERAL_CONVERSION = YES;
				CLANG_WARN_OBJC_ROOT_CLASS = YES_ERROR;
				CLANG_WARN_QUOTED_INCLUDE_IN_FRAMEWORK_HEADER = YES;
				CLANG_WARN_RANGE_LOOP_ANALYSIS = YES;
				CLANG_WARN_STRICT_PROTOTYPES = YES;
				CLANG_WARN_SUSPICIOUS_MOVE = YES;
				CLANG_WARN_UNGUARDED_AVAILABILITY = YES_AGGRESSIVE;
				CLANG_WARN_UNREACHABLE_CODE = YES;
				CLANG_WARN__DUPLICATE_METHOD_MATCH = YES;
				COPY_PHASE_STRIP = NO;
				DEBUG_INFORMATION_FORMAT = "dwarf-with-dsym";
				ENABLE_NS_ASSERTIONS = NO;
				ENABLE_STRICT_OBJC_MSGSEND = YES;
				ENABLE_USER_SCRIPT_SANDBOXING = YES;
				GCC_C_LANGUAGE_STANDARD = gnu17;
				GCC_NO_COMMON_BLOCKS = YES;
				GCC_WARN_64_TO_32_BIT_CONVERSION = YES;
				GCC_WARN_ABOUT_RETURN_TYPE = YES_ERROR;
				GCC_WARN_UNDECLARED_SELECTOR = YES;
				GCC_WARN_UNINITIALIZED_AUTOS = YES_AGGRESSIVE;
				GCC_WARN_UNUSED_FUNCTION = YES;
				GCC_WARN_UNUSED_VARIABLE = YES;
				IPHONEOS_DEPLOYMENT_TARGET = 17.4;
				LOCALIZATION_PREFERS_STRING_CATALOGS = YES;
				MTL_ENABLE_DEBUG_INFO = NO;
				MTL_FAST_MATH = YES;
				SDKROOT = iphoneos;
				SWIFT_COMPILATION_MODE = wholemodule;
				VALIDATE_PRODUCT = YES;
			};
			name = Release;
		};
		773DD0BA2BE3BC9B003F3CFD /* Debug */ = {
			isa = XCBuildConfiguration;
			buildSettings = {
				ASSETCATALOG_COMPILER_APPICON_NAME = AppIcon;
				ASSETCATALOG_COMPILER_GLOBAL_ACCENT_COLOR_NAME = AccentColor;
				CODE_SIGN_STYLE = Automatic;
				CURRENT_PROJECT_VERSION = 1;
				DEVELOPMENT_ASSET_PATHS = "\"PopupDemo/Preview Content\"";
				DEVELOPMENT_TEAM = M3XYN9T8C8;
				ENABLE_PREVIEWS = YES;
				GENERATE_INFOPLIST_FILE = YES;
				INFOPLIST_FILE = "PopupDemo/Supporting Files/Info.plist";
				INFOPLIST_KEY_UIApplicationSceneManifest_Generation = YES;
				INFOPLIST_KEY_UIApplicationSupportsIndirectInputEvents = YES;
				INFOPLIST_KEY_UILaunchScreen_Generation = YES;
				INFOPLIST_KEY_UISupportedInterfaceOrientations_iPad = "UIInterfaceOrientationPortrait UIInterfaceOrientationPortraitUpsideDown UIInterfaceOrientationLandscapeLeft UIInterfaceOrientationLandscapeRight";
				INFOPLIST_KEY_UISupportedInterfaceOrientations_iPhone = "UIInterfaceOrientationPortrait UIInterfaceOrientationLandscapeLeft UIInterfaceOrientationLandscapeRight";
				LD_RUNPATH_SEARCH_PATHS = (
					"$(inherited)",
					"@executable_path/Frameworks",
				);
				MARKETING_VERSION = 1.0;
				PRODUCT_BUNDLE_IDENTIFIER = com.vuongphatdat.PopupDemo;
				PRODUCT_NAME = "$(TARGET_NAME)";
				SWIFT_EMIT_LOC_STRINGS = YES;
				SWIFT_VERSION = 5.0;
				TARGETED_DEVICE_FAMILY = "1,2";
			};
			name = Debug;
		};
		773DD0BB2BE3BC9B003F3CFD /* Release */ = {
			isa = XCBuildConfiguration;
			buildSettings = {
				ASSETCATALOG_COMPILER_APPICON_NAME = AppIcon;
				ASSETCATALOG_COMPILER_GLOBAL_ACCENT_COLOR_NAME = AccentColor;
				CODE_SIGN_STYLE = Automatic;
				CURRENT_PROJECT_VERSION = 1;
				DEVELOPMENT_ASSET_PATHS = "\"PopupDemo/Preview Content\"";
				DEVELOPMENT_TEAM = M3XYN9T8C8;
				ENABLE_PREVIEWS = YES;
				GENERATE_INFOPLIST_FILE = YES;
				INFOPLIST_FILE = "PopupDemo/Supporting Files/Info.plist";
				INFOPLIST_KEY_UIApplicationSceneManifest_Generation = YES;
				INFOPLIST_KEY_UIApplicationSupportsIndirectInputEvents = YES;
				INFOPLIST_KEY_UILaunchScreen_Generation = YES;
				INFOPLIST_KEY_UISupportedInterfaceOrientations_iPad = "UIInterfaceOrientationPortrait UIInterfaceOrientationPortraitUpsideDown UIInterfaceOrientationLandscapeLeft UIInterfaceOrientationLandscapeRight";
				INFOPLIST_KEY_UISupportedInterfaceOrientations_iPhone = "UIInterfaceOrientationPortrait UIInterfaceOrientationLandscapeLeft UIInterfaceOrientationLandscapeRight";
				LD_RUNPATH_SEARCH_PATHS = (
					"$(inherited)",
					"@executable_path/Frameworks",
				);
				MARKETING_VERSION = 1.0;
				PRODUCT_BUNDLE_IDENTIFIER = com.vuongphatdat.PopupDemo;
				PRODUCT_NAME = "$(TARGET_NAME)";
				SWIFT_EMIT_LOC_STRINGS = YES;
				SWIFT_VERSION = 5.0;
				TARGETED_DEVICE_FAMILY = "1,2";
			};
			name = Release;
		};
/* End XCBuildConfiguration section */

/* Begin XCConfigurationList section */
		773DD0A62BE3BC98003F3CFD /* Build configuration list for PBXProject "PopupDemo" */ = {
			isa = XCConfigurationList;
			buildConfigurations = (
				773DD0B72BE3BC9B003F3CFD /* Debug */,
				773DD0B82BE3BC9B003F3CFD /* Release */,
			);
			defaultConfigurationIsVisible = 0;
			defaultConfigurationName = Release;
		};
		773DD0B92BE3BC9B003F3CFD /* Build configuration list for PBXNativeTarget "PopupDemo" */ = {
			isa = XCConfigurationList;
			buildConfigurations = (
				773DD0BA2BE3BC9B003F3CFD /* Debug */,
				773DD0BB2BE3BC9B003F3CFD /* Release */,
			);
			defaultConfigurationIsVisible = 0;
			defaultConfigurationName = Release;
		};
/* End XCConfigurationList section */

/* Begin XCRemoteSwiftPackageReference section */
		773DD0BC2BE3BCCF003F3CFD /* XCRemoteSwiftPackageReference "PopupView" */ = {
			isa = XCRemoteSwiftPackageReference;
			repositoryURL = "https://github.com/Mijick/PopupView.git";
			requirement = {
				kind = upToNextMajorVersion;
				minimumVersion = 2.4.0;
			};
		};
/* End XCRemoteSwiftPackageReference section */

/* Begin XCSwiftPackageProductDependency section */
		773DD0BD2BE3BCCF003F3CFD /* MijickPopupView */ = {
			isa = XCSwiftPackageProductDependency;
			package = 773DD0BC2BE3BCCF003F3CFD /* XCRemoteSwiftPackageReference "PopupView" */;
			productName = MijickPopupView;
		};
/* End XCSwiftPackageProductDependency section */
	};
	rootObject = 773DD0A32BE3BC98003F3CFD /* Project object */;
}
